
Microsoft Visual Studio Solution File, Format Version 12.00
# Visual Studio Version 16
VisualStudioVersion = 16.0.31729.503
MinimumVisualStudioVersion = 10.0.40219.1
Project("{FAE04EC0-301F-11D3-BF4B-00C04F79EFBC}") = "BaoCao_MonHoc", "BaoCao_MonHoc\BaoCao_MonHoc.csproj", "{046C16B0-BE0E-4A7C-BA39-43CF61DCBF65}"
EndProject
Global
	GlobalSection(SolutionConfigurationPlatforms) = preSolution
		Debug|Any CPU = Debug|Any CPU
		Release|Any CPU = Release|Any CPU
	EndGlobalSection
	GlobalSection(ProjectConfigurationPlatforms) = postSolution
		{046C16B0-BE0E-4A7C-BA39-43CF61DCBF65}.Debug|Any CPU.ActiveCfg = Debug|Any CPU
		{046C16B0-BE0E-4A7C-BA39-43CF61DCBF65}.Debug|Any CPU.Build.0 = Debug|Any CPU
		{046C16B0-BE0E-4A7C-BA39-43CF61DCBF65}.Release|Any CPU.ActiveCfg = Release|Any CPU
		{046C16B0-BE0E-4A7C-BA39-43CF61DCBF65}.Release|Any CPU.Build.0 = Release|Any CPU
	EndGlobalSection
	GlobalSection(SolutionProperties) = preSolution
		HideSolutionNode = FALSE
	EndGlobalSection
	GlobalSection(ExtensibilityGlobals) = postSolution
		SolutionGuid = {6F0A5356-26D0-4380-8A3B-4823921E2141}
	EndGlobalSection
EndGlobal
